// !$*UTF8*$!
{
	archiveVersion = 1;
	classes = {
	};
	objectVersion = 77;
	objects = {

/* Begin PBXBuildFile section */
		3AFD14012DD211F60070A192 /* Network.framework in Frameworks */ = {isa = PBXBuildFile; fileRef = 3AFD14002DD211F60070A192 /* Network.framework */; };
		3AFD14032DD211FD0070A192 /* SystemConfiguration.framework in Frameworks */ = {isa = PBXBuildFile; fileRef = 3AFD14022DD211FD0070A192 /* SystemConfiguration.framework */; };
/* End PBXBuildFile section */

/* Begin PBXContainerItemProxy section */
		3AFD13E32DD20FDD0070A192 /* PBXContainerItemProxy */ = {
			isa = PBXContainerItemProxy;
			containerPortal = 3AFD13CC2DD20FDC0070A192 /* Project object */;
			proxyType = 1;
			remoteGlobalIDString = 3AFD13D32DD20FDC0070A192;
			remoteInfo = EthernetStatusBar;
		};
		3AFD13ED2DD20FDD0070A192 /* PBXContainerItemProxy */ = {
			isa = PBXContainerItemProxy;
			containerPortal = 3AFD13CC2DD20FDC0070A192 /* Project object */;
			proxyType = 1;
			remoteGlobalIDString = 3AFD13D32DD20FDC0070A192;
			remoteInfo = EthernetStatusBar;
		};
/* End PBXContainerItemProxy section */

/* Begin PBXFileReference section */
		3AFD13D42DD20FDC0070A192 /* EthernetStatusBar.app */ = {isa = PBXFileReference; explicitFileType = wrapper.application; includeInIndex = 0; path = EthernetStatusBar.app; sourceTree = BUILT_PRODUCTS_DIR; };
		3AFD13E22DD20FDD0070A192 /* EthernetStatusBarTests.xctest */ = {isa = PBXFileReference; explicitFileType = wrapper.cfbundle; includeInIndex = 0; path = EthernetStatusBarTests.xctest; sourceTree = BUILT_PRODUCTS_DIR; };
		3AFD13EC2DD20FDD0070A192 /* EthernetStatusBarUITests.xctest */ = {isa = PBXFileReference; explicitFileType = wrapper.cfbundle; includeInIndex = 0; path = EthernetStatusBarUITests.xctest; sourceTree = BUILT_PRODUCTS_DIR; };
		3AFD14002DD211F60070A192 /* Network.framework */ = {isa = PBXFileReference; lastKnownFileType = wrapper.framework; name = Network.framework; path = System/Library/Frameworks/Network.framework; sourceTree = SDKROOT; };
		3AFD14022DD211FD0070A192 /* SystemConfiguration.framework */ = {isa = PBXFileReference; lastKnownFileType = wrapper.framework; name = SystemConfiguration.framework; path = System/Library/Frameworks/SystemConfiguration.framework; sourceTree = SDKROOT; };
/* End PBXFileReference section */

/* Begin PBXFileSystemSynchronizedBuildFileExceptionSet section */
		3AFD14052DD215E10070A192 /* Exceptions for "EthernetStatusBar" folder in "EthernetStatusBar" target */ = {
			isa = PBXFileSystemSynchronizedBuildFileExceptionSet;
			membershipExceptions = (
				Info.plist,
			);
			target = 3AFD13D32DD20FDC0070A192 /* EthernetStatusBar */;
		};
/* End PBXFileSystemSynchronizedBuildFileExceptionSet section */

/* Begin PBXFileSystemSynchronizedRootGroup section */
		3AFD13D62DD20FDC0070A192 /* EthernetStatusBar */ = {
			isa = PBXFileSystemSynchronizedRootGroup;
			exceptions = (
				3AFD14052DD215E10070A192 /* Exceptions for "EthernetStatusBar" folder in "EthernetStatusBar" target */,
			);
			path = EthernetStatusBar;
			sourceTree = "<group>";
		};
		3AFD13E52DD20FDD0070A192 /* EthernetStatusBarTests */ = {
			isa = PBXFileSystemSynchronizedRootGroup;
			path = EthernetStatusBarTests;
			sourceTree = "<group>";
		};
		3AFD13EF2DD20FDD0070A192 /* EthernetStatusBarUITests */ = {
			isa = PBXFileSystemSynchronizedRootGroup;
			path = EthernetStatusBarUITests;
			sourceTree = "<group>";
		};
/* End PBXFileSystemSynchronizedRootGroup section */

/* Begin PBXFrameworksBuildPhase section */
		3AFD13D12DD20FDC0070A192 /* Frameworks */ = {
			isa = PBXFrameworksBuildPhase;
			buildActionMask = 2147483647;
			files = (
				3AFD14032DD211FD0070A192 /* SystemConfiguration.framework in Frameworks */,
				3AFD14012DD211F60070A192 /* Network.framework in Frameworks */,
			);
			runOnlyForDeploymentPostprocessing = 0;
		};
		3AFD13DF2DD20FDD0070A192 /* Frameworks */ = {
			isa = PBXFrameworksBuildPhase;
			buildActionMask = 2147483647;
			files = (
			);
			runOnlyForDeploymentPostprocessing = 0;
		};
		3AFD13E92DD20FDD0070A192 /* Frameworks */ = {
			isa = PBXFrameworksBuildPhase;
			buildActionMask = 2147483647;
			files = (
			);
			runOnlyForDeploymentPostprocessing = 0;
		};
/* End PBXFrameworksBuildPhase section */

/* Begin PBXGroup section */
		3AFD13CB2DD20FDC0070A192 = {
			isa = PBXGroup;
			children = (
				3AFD13D62DD20FDC0070A192 /* EthernetStatusBar */,
				3AFD13E52DD20FDD0070A192 /* EthernetStatusBarTests */,
				3AFD13EF2DD20FDD0070A192 /* EthernetStatusBarUITests */,
				3AFD13FF2DD211F60070A192 /* Frameworks */,
				3AFD13D52DD20FDC0070A192 /* Products */,
			);
			sourceTree = "<group>";
		};
		3AFD13D52DD20FDC0070A192 /* Products */ = {
			isa = PBXGroup;
			children = (
				3AFD13D42DD20FDC0070A192 /* EthernetStatusBar.app */,
				3AFD13E22DD20FDD0070A192 /* EthernetStatusBarTests.xctest */,
				3AFD13EC2DD20FDD0070A192 /* EthernetStatusBarUITests.xctest */,
			);
			name = Products;
			sourceTree = "<group>";
		};
		3AFD13FF2DD211F60070A192 /* Frameworks */ = {
			isa = PBXGroup;
			children = (
				3AFD14022DD211FD0070A192 /* SystemConfiguration.framework */,
				3AFD14002DD211F60070A192 /* Network.framework */,
			);
			name = Frameworks;
			sourceTree = "<group>";
		};
/* End PBXGroup section */

/* Begin PBXNativeTarget section */
		3AFD13D32DD20FDC0070A192 /* EthernetStatusBar */ = {
			isa = PBXNativeTarget;
			buildConfigurationList = 3AFD13F62DD20FDD0070A192 /* Build configuration list for PBXNativeTarget "EthernetStatusBar" */;
			buildPhases = (
				3AFD13D02DD20FDC0070A192 /* Sources */,
				3AFD13D12DD20FDC0070A192 /* Frameworks */,
				3AFD13D22DD20FDC0070A192 /* Resources */,
			);
			buildRules = (
			);
			dependencies = (
			);
			fileSystemSynchronizedGroups = (
				3AFD13D62DD20FDC0070A192 /* EthernetStatusBar */,
			);
			name = EthernetStatusBar;
			packageProductDependencies = (
			);
			productName = EthernetStatusBar;
			productReference = 3AFD13D42DD20FDC0070A192 /* EthernetStatusBar.app */;
			productType = "com.apple.product-type.application";
		};
		3AFD13E12DD20FDD0070A192 /* EthernetStatusBarTests */ = {
			isa = PBXNativeTarget;
			buildConfigurationList = 3AFD13F92DD20FDD0070A192 /* Build configuration list for PBXNativeTarget "EthernetStatusBarTests" */;
			buildPhases = (
				3AFD13DE2DD20FDD0070A192 /* Sources */,
				3AFD13DF2DD20FDD0070A192 /* Frameworks */,
				3AFD13E02DD20FDD0070A192 /* Resources */,
			);
			buildRules = (
			);
			dependencies = (
				3AFD13E42DD20FDD0070A192 /* PBXTargetDependency */,
			);
			fileSystemSynchronizedGroups = (
				3AFD13E52DD20FDD0070A192 /* EthernetStatusBarTests */,
			);
			name = EthernetStatusBarTests;
			packageProductDependencies = (
			);
			productName = EthernetStatusBarTests;
			productReference = 3AFD13E22DD20FDD0070A192 /* EthernetStatusBarTests.xctest */;
			productType = "com.apple.product-type.bundle.unit-test";
		};
		3AFD13EB2DD20FDD0070A192 /* EthernetStatusBarUITests */ = {
			isa = PBXNativeTarget;
			buildConfigurationList = 3AFD13FC2DD20FDD0070A192 /* Build configuration list for PBXNativeTarget "EthernetStatusBarUITests" */;
			buildPhases = (
				3AFD13E82DD20FDD0070A192 /* Sources */,
				3AFD13E92DD20FDD0070A192 /* Frameworks */,
				3AFD13EA2DD20FDD0070A192 /* Resources */,
			);
			buildRules = (
			);
			dependencies = (
				3AFD13EE2DD20FDD0070A192 /* PBXTargetDependency */,
			);
			fileSystemSynchronizedGroups = (
				3AFD13EF2DD20FDD0070A192 /* EthernetStatusBarUITests */,
			);
			name = EthernetStatusBarUITests;
			packageProductDependencies = (
			);
			productName = EthernetStatusBarUITests;
			productReference = 3AFD13EC2DD20FDD0070A192 /* EthernetStatusBarUITests.xctest */;
			productType = "com.apple.product-type.bundle.ui-testing";
		};
/* End PBXNativeTarget section */

/* Begin PBXProject section */
		3AFD13CC2DD20FDC0070A192 /* Project object */ = {
			isa = PBXProject;
			attributes = {
				BuildIndependentTargetsInParallel = 1;
				LastSwiftUpdateCheck = 1630;
				LastUpgradeCheck = 1630;
				TargetAttributes = {
					3AFD13D32DD20FDC0070A192 = {
						CreatedOnToolsVersion = 16.3;
					};
					3AFD13E12DD20FDD0070A192 = {
						CreatedOnToolsVersion = 16.3;
						TestTargetID = 3AFD13D32DD20FDC0070A192;
					};
					3AFD13EB2DD20FDD0070A192 = {
						CreatedOnToolsVersion = 16.3;
						TestTargetID = 3AFD13D32DD20FDC0070A192;
					};
				};
			};
			buildConfigurationList = 3AFD13CF2DD20FDC0070A192 /* Build configuration list for PBXProject "EthernetStatusBar" */;
			developmentRegion = en;
			hasScannedForEncodings = 0;
			knownRegions = (
				en,
				Base,
			);
			mainGroup = 3AFD13CB2DD20FDC0070A192;
			minimizedProjectReferenceProxies = 1;
			preferredProjectObjectVersion = 77;
			productRefGroup = 3AFD13D52DD20FDC0070A192 /* Products */;
			projectDirPath = "";
			projectRoot = "";
			targets = (
				3AFD13D32DD20FDC0070A192 /* EthernetStatusBar */,
				3AFD13E12DD20FDD0070A192 /* EthernetStatusBarTests */,
				3AFD13EB2DD20FDD0070A192 /* EthernetStatusBarUITests */,
			);
		};
/* End PBXProject section */

/* Begin PBXResourcesBuildPhase section */
		3AFD13D22DD20FDC0070A192 /* Resources */ = {
			isa = PBXResourcesBuildPhase;
			buildActionMask = 2147483647;
			files = (
			);
			runOnlyForDeploymentPostprocessing = 0;
		};
		3AFD13E02DD20FDD0070A192 /* Resources */ = {
			isa = PBXResourcesBuildPhase;
			buildActionMask = 2147483647;
			files = (
			);
			runOnlyForDeploymentPostprocessing = 0;
		};
		3AFD13EA2DD20FDD0070A192 /* Resources */ = {
			isa = PBXResourcesBuildPhase;
			buildActionMask = 2147483647;
			files = (
			);
			runOnlyForDeploymentPostprocessing = 0;
		};
/* End PBXResourcesBuildPhase section */

/* Begin PBXSourcesBuildPhase section */
		3AFD13D02DD20FDC0070A192 /* Sources */ = {
			isa = PBXSourcesBuildPhase;
			buildActionMask = 2147483647;
			files = (
			);
			runOnlyForDeploymentPostprocessing = 0;
		};
		3AFD13DE2DD20FDD0070A192 /* Sources */ = {
			isa = PBXSourcesBuildPhase;
			buildActionMask = 2147483647;
			files = (
			);
			runOnlyForDeploymentPostprocessing = 0;
		};
		3AFD13E82DD20FDD0070A192 /* Sources */ = {
			isa = PBXSourcesBuildPhase;
			buildActionMask = 2147483647;
			files = (
			);
			runOnlyForDeploymentPostprocessing = 0;
		};
/* End PBXSourcesBuildPhase section */

/* Begin PBXTargetDependency section */
		3AFD13E42DD20FDD0070A192 /* PBXTargetDependency */ = {
			isa = PBXTargetDependency;
			target = 3AFD13D32DD20FDC0070A192 /* EthernetStatusBar */;
			targetProxy = 3AFD13E32DD20FDD0070A192 /* PBXContainerItemProxy */;
		};
		3AFD13EE2DD20FDD0070A192 /* PBXTargetDependency */ = {
			isa = PBXTargetDependency;
			target = 3AFD13D32DD20FDC0070A192 /* EthernetStatusBar */;
			targetProxy = 3AFD13ED2DD20FDD0070A192 /* PBXContainerItemProxy */;
		};
/* End PBXTargetDependency section */

/* Begin XCBuildConfiguration section */
		3AFD13F42DD20FDD0070A192 /* Debug */ = {
			isa = XCBuildConfiguration;
			buildSettings = {
				ALWAYS_SEARCH_USER_PATHS = NO;
				ASSETCATALOG_COMPILER_GENERATE_SWIFT_ASSET_SYMBOL_EXTENSIONS = YES;
				CLANG_ANALYZER_NONNULL = YES;
				CLANG_ANALYZER_NUMBER_OBJECT_CONVERSION = YES_AGGRESSIVE;
				CLANG_CXX_LANGUAGE_STANDARD = "gnu++20";
				CLANG_ENABLE_MODULES = YES;
				CLANG_ENABLE_OBJC_ARC = YES;
				CLANG_ENABLE_OBJC_WEAK = YES;
				CLANG_WARN_BLOCK_CAPTURE_AUTORELEASING = YES;
				CLANG_WARN_BOOL_CONVERSION = YES;
				CLANG_WARN_COMMA = YES;
				CLANG_WARN_CONSTANT_CONVERSION = YES;
				CLANG_WARN_DEPRECATED_OBJC_IMPLEMENTATIONS = YES;
				CLANG_WARN_DIRECT_OBJC_ISA_USAGE = YES_ERROR;
				CLANG_WARN_DOCUMENTATION_COMMENTS = YES;
				CLANG_WARN_EMPTY_BODY = YES;
				CLANG_WARN_ENUM_CONVERSION = YES;
				CLANG_WARN_INFINITE_RECURSION = YES;
				CLANG_WARN_INT_CONVERSION = YES;
				CLANG_WARN_NON_LITERAL_NULL_CONVERSION = YES;
				CLANG_WARN_OBJC_IMPLICIT_RETAIN_SELF = YES;
				CLANG_WARN_OBJC_LITERAL_CONVERSION = YES;
				CLANG_WARN_OBJC_ROOT_CLASS = YES_ERROR;
				CLANG_WARN_QUOTED_INCLUDE_IN_FRAMEWORK_HEADER = YES;
				CLANG_WARN_RANGE_LOOP_ANALYSIS = YES;
				CLANG_WARN_STRICT_PROTOTYPES = YES;
				CLANG_WARN_SUSPICIOUS_MOVE = YES;
				CLANG_WARN_UNGUARDED_AVAILABILITY = YES_AGGRESSIVE;
				CLANG_WARN_UNREACHABLE_CODE = YES;
				CLANG_WARN__DUPLICATE_METHOD_MATCH = YES;
				COPY_PHASE_STRIP = NO;
				DEBUG_INFORMATION_FORMAT = dwarf;
				ENABLE_STRICT_OBJC_MSGSEND = YES;
				ENABLE_TESTABILITY = YES;
				ENABLE_USER_SCRIPT_SANDBOXING = YES;
				GCC_C_LANGUAGE_STANDARD = gnu17;
				GCC_DYNAMIC_NO_PIC = NO;
				GCC_NO_COMMON_BLOCKS = YES;
				GCC_OPTIMIZATION_LEVEL = 0;
				GCC_PREPROCESSOR_DEFINITIONS = (
					"DEBUG=1",
					"$(inherited)",
				);
				GCC_WARN_64_TO_32_BIT_CONVERSION = YES;
				GCC_WARN_ABOUT_RETURN_TYPE = YES_ERROR;
				GCC_WARN_UNDECLARED_SELECTOR = YES;
				GCC_WARN_UNINITIALIZED_AUTOS = YES_AGGRESSIVE;
				GCC_WARN_UNUSED_FUNCTION = YES;
				GCC_WARN_UNUSED_VARIABLE = YES;
				LOCALIZATION_PREFERS_STRING_CATALOGS = YES;
				MACOSX_DEPLOYMENT_TARGET = 15.4;
				MTL_ENABLE_DEBUG_INFO = INCLUDE_SOURCE;
				MTL_FAST_MATH = YES;
				ONLY_ACTIVE_ARCH = YES;
				SDKROOT = macosx;
				SWIFT_ACTIVE_COMPILATION_CONDITIONS = "DEBUG $(inherited)";
				SWIFT_OPTIMIZATION_LEVEL = "-Onone";
			};
			name = Debug;
		};
		3AFD13F52DD20FDD0070A192 /* Release */ = {
			isa = XCBuildConfiguration;
			buildSettings = {
				ALWAYS_SEARCH_USER_PATHS = NO;
				ASSETCATALOG_COMPILER_GENERATE_SWIFT_ASSET_SYMBOL_EXTENSIONS = YES;
				CLANG_ANALYZER_NONNULL = YES;
				CLANG_ANALYZER_NUMBER_OBJECT_CONVERSION = YES_AGGRESSIVE;
				CLANG_CXX_LANGUAGE_STANDARD = "gnu++20";
				CLANG_ENABLE_MODULES = YES;
				CLANG_ENABLE_OBJC_ARC = YES;
				CLANG_ENABLE_OBJC_WEAK = YES;
				CLANG_WARN_BLOCK_CAPTURE_AUTORELEASING = YES;
				CLANG_WARN_BOOL_CONVERSION = YES;
				CLANG_WARN_COMMA = YES;
				CLANG_WARN_CONSTANT_CONVERSION = YES;
				CLANG_WARN_DEPRECATED_OBJC_IMPLEMENTATIONS = YES;
				CLANG_WARN_DIRECT_OBJC_ISA_USAGE = YES_ERROR;
				CLANG_WARN_DOCUMENTATION_COMMENTS = YES;
				CLANG_WARN_EMPTY_BODY = YES;
				CLANG_WARN_ENUM_CONVERSION = YES;
				CLANG_WARN_INFINITE_RECURSION = YES;
				CLANG_WARN_INT_CONVERSION = YES;
				CLANG_WARN_NON_LITERAL_NULL_CONVERSION = YES;
				CLANG_WARN_OBJC_IMPLICIT_RETAIN_SELF = YES;
				CLANG_WARN_OBJC_LITERAL_CONVERSION = YES;
				CLANG_WARN_OBJC_ROOT_CLASS = YES_ERROR;
				CLANG_WARN_QUOTED_INCLUDE_IN_FRAMEWORK_HEADER = YES;
				CLANG_WARN_RANGE_LOOP_ANALYSIS = YES;
				CLANG_WARN_STRICT_PROTOTYPES = YES;
				CLANG_WARN_SUSPICIOUS_MOVE = YES;
				CLANG_WARN_UNGUARDED_AVAILABILITY = YES_AGGRESSIVE;
				CLANG_WARN_UNREACHABLE_CODE = YES;
				CLANG_WARN__DUPLICATE_METHOD_MATCH = YES;
				COPY_PHASE_STRIP = NO;
				DEBUG_INFORMATION_FORMAT = "dwarf-with-dsym";
				ENABLE_NS_ASSERTIONS = NO;
				ENABLE_STRICT_OBJC_MSGSEND = YES;
				ENABLE_USER_SCRIPT_SANDBOXING = YES;
				GCC_C_LANGUAGE_STANDARD = gnu17;
				GCC_NO_COMMON_BLOCKS = YES;
				GCC_WARN_64_TO_32_BIT_CONVERSION = YES;
				GCC_WARN_ABOUT_RETURN_TYPE = YES_ERROR;
				GCC_WARN_UNDECLARED_SELECTOR = YES;
				GCC_WARN_UNINITIALIZED_AUTOS = YES_AGGRESSIVE;
				GCC_WARN_UNUSED_FUNCTION = YES;
				GCC_WARN_UNUSED_VARIABLE = YES;
				LOCALIZATION_PREFERS_STRING_CATALOGS = YES;
				MACOSX_DEPLOYMENT_TARGET = 15.4;
				MTL_ENABLE_DEBUG_INFO = NO;
				MTL_FAST_MATH = YES;
				SDKROOT = macosx;
				SWIFT_COMPILATION_MODE = wholemodule;
			};
			name = Release;
		};
		3AFD13F72DD20FDD0070A192 /* Debug */ = {
			isa = XCBuildConfiguration;
			buildSettings = {
				ASSETCATALOG_COMPILER_APPICON_NAME = AppIcon;
				ASSETCATALOG_COMPILER_GLOBAL_ACCENT_COLOR_NAME = AccentColor;
				CODE_SIGN_ENTITLEMENTS = EthernetStatusBar/EthernetStatusBar.entitlements;
				"CODE_SIGN_IDENTITY[sdk=macosx*]" = "-";
				CODE_SIGN_STYLE = Automatic;
				COMBINE_HIDPI_IMAGES = YES;
				CURRENT_PROJECT_VERSION = 1;
				ENABLE_PREVIEWS = YES;
				GENERATE_INFOPLIST_FILE = YES;
				INFOPLIST_FILE = EthernetStatusBar/Info.plist;
				INFOPLIST_KEY_LSUIElement = YES;
				INFOPLIST_KEY_NSHumanReadableCopyright = "";
				LD_RUNPATH_SEARCH_PATHS = (
					"$(inherited)",
					"@executable_path/../Frameworks",
				);
				MARKETING_VERSION = 1.0;
				PRODUCT_BUNDLE_IDENTIFIER = com.ashour.EthernetStatusBar;
				PRODUCT_NAME = "$(TARGET_NAME)";
				REGISTER_APP_GROUPS = YES;
				SWIFT_EMIT_LOC_STRINGS = YES;
				SWIFT_VERSION = 5.0;
			};
			name = Debug;
		};
		3AFD13F82DD20FDD0070A192 /* Release */ = {
			isa = XCBuildConfiguration;
			buildSettings = {
				ASSETCATALOG_COMPILER_APPICON_NAME = AppIcon;
				ASSETCATALOG_COMPILER_GLOBAL_ACCENT_COLOR_NAME = AccentColor;
				CODE_SIGN_ENTITLEMENTS = EthernetStatusBar/EthernetStatusBar.entitlements;
				"CODE_SIGN_IDENTITY[sdk=macosx*]" = "-";
				CODE_SIGN_STYLE = Automatic;
				COMBINE_HIDPI_IMAGES = YES;
				CURRENT_PROJECT_VERSION = 1;
				ENABLE_PREVIEWS = YES;
				GENERATE_INFOPLIST_FILE = YES;
				INFOPLIST_FILE = EthernetStatusBar/Info.plist;
				INFOPLIST_KEY_LSUIElement = YES;
				INFOPLIST_KEY_NSHumanReadableCopyright = "";
				LD_RUNPATH_SEARCH_PATHS = (
					"$(inherited)",
					"@executable_path/../Frameworks",
				);
				MARKETING_VERSION = 1.0;
				PRODUCT_BUNDLE_IDENTIFIER = com.ashour.EthernetStatusBar;
				PRODUCT_NAME = "$(TARGET_NAME)";
				REGISTER_APP_GROUPS = YES;
				SWIFT_EMIT_LOC_STRINGS = YES;
				SWIFT_VERSION = 5.0;
			};
			name = Release;
		};
		3AFD13FA2DD20FDD0070A192 /* Debug */ = {
			isa = XCBuildConfiguration;
			buildSettings = {
				BUNDLE_LOADER = "$(TEST_HOST)";
				CODE_SIGN_STYLE = Automatic;
				CURRENT_PROJECT_VERSION = 1;
				GENERATE_INFOPLIST_FILE = YES;
				MACOSX_DEPLOYMENT_TARGET = 15.4;
				MARKETING_VERSION = 1.0;
				PRODUCT_BUNDLE_IDENTIFIER = com.ashour.EthernetStatusBarTests;
				PRODUCT_NAME = "$(TARGET_NAME)";
				SWIFT_EMIT_LOC_STRINGS = NO;
				SWIFT_VERSION = 5.0;
				TEST_HOST = "$(BUILT_PRODUCTS_DIR)/EthernetStatusBar.app/$(BUNDLE_EXECUTABLE_FOLDER_PATH)/EthernetStatusBar";
			};
			name = Debug;
		};
		3AFD13FB2DD20FDD0070A192 /* Release */ = {
			isa = XCBuildConfiguration;
			buildSettings = {
				BUNDLE_LOADER = "$(TEST_HOST)";
				CODE_SIGN_STYLE = Automatic;
				CURRENT_PROJECT_VERSION = 1;
				GENERATE_INFOPLIST_FILE = YES;
				MACOSX_DEPLOYMENT_TARGET = 15.4;
				MARKETING_VERSION = 1.0;
				PRODUCT_BUNDLE_IDENTIFIER = com.ashour.EthernetStatusBarTests;
				PRODUCT_NAME = "$(TARGET_NAME)";
				SWIFT_EMIT_LOC_STRINGS = NO;
				SWIFT_VERSION = 5.0;
				TEST_HOST = "$(BUILT_PRODUCTS_DIR)/EthernetStatusBar.app/$(BUNDLE_EXECUTABLE_FOLDER_PATH)/EthernetStatusBar";
			};
			name = Release;
		};
		3AFD13FD2DD20FDD0070A192 /* Debug */ = {
			isa = XCBuildConfiguration;
			buildSettings = {
				CODE_SIGN_STYLE = Automatic;
				CURRENT_PROJECT_VERSION = 1;
				GENERATE_INFOPLIST_FILE = YES;
				MARKETING_VERSION = 1.0;
				PRODUCT_BUNDLE_IDENTIFIER = com.ashour.EthernetStatusBarUITests;
				PRODUCT_NAME = "$(TARGET_NAME)";
				SWIFT_EMIT_LOC_STRINGS = NO;
				SWIFT_VERSION = 5.0;
				TEST_TARGET_NAME = EthernetStatusBar;
			};
			name = Debug;
		};
		3AFD13FE2DD20FDD0070A192 /* Release */ = {
			isa = XCBuildConfiguration;
			buildSettings = {
				CODE_SIGN_STYLE = Automatic;
				CURRENT_PROJECT_VERSION = 1;
				GENERATE_INFOPLIST_FILE = YES;
				MARKETING_VERSION = 1.0;
				PRODUCT_BUNDLE_IDENTIFIER = com.ashour.EthernetStatusBarUITests;
				PRODUCT_NAME = "$(TARGET_NAME)";
				SWIFT_EMIT_LOC_STRINGS = NO;
				SWIFT_VERSION = 5.0;
				TEST_TARGET_NAME = EthernetStatusBar;
			};
			name = Release;
		};
/* End XCBuildConfiguration section */

/* Begin XCConfigurationList section */
		3AFD13CF2DD20FDC0070A192 /* Build configuration list for PBXProject "EthernetStatusBar" */ = {
			isa = XCConfigurationList;
			buildConfigurations = (
				3AFD13F42DD20FDD0070A192 /* Debug */,
				3AFD13F52DD20FDD0070A192 /* Release */,
			);
			defaultConfigurationIsVisible = 0;
			defaultConfigurationName = Release;
		};
		3AFD13F62DD20FDD0070A192 /* Build configuration list for PBXNativeTarget "EthernetStatusBar" */ = {
			isa = XCConfigurationList;
			buildConfigurations = (
				3AFD13F72DD20FDD0070A192 /* Debug */,
				3AFD13F82DD20FDD0070A192 /* Release */,
			);
			defaultConfigurationIsVisible = 0;
			defaultConfigurationName = Release;
		};
		3AFD13F92DD20FDD0070A192 /* Build configuration list for PBXNativeTarget "EthernetStatusBarTests" */ = {
			isa = XCConfigurationList;
			buildConfigurations = (
				3AFD13FA2DD20FDD0070A192 /* Debug */,
				3AFD13FB2DD20FDD0070A192 /* Release */,
			);
			defaultConfigurationIsVisible = 0;
			defaultConfigurationName = Release;
		};
		3AFD13FC2DD20FDD0070A192 /* Build configuration list for PBXNativeTarget "EthernetStatusBarUITests" */ = {
			isa = XCConfigurationList;
			buildConfigurations = (
				3AFD13FD2DD20FDD0070A192 /* Debug */,
				3AFD13FE2DD20FDD0070A192 /* Release */,
			);
			defaultConfigurationIsVisible = 0;
			defaultConfigurationName = Release;
		};
/* End XCConfigurationList section */
	};
	rootObject = 3AFD13CC2DD20FDC0070A192 /* Project object */;
}
